
Microsoft Visual Studio Solution File, Format Version 12.00
# Visual Studio Version 17
VisualStudioVersion = 17.1.32228.430
MinimumVisualStudioVersion = 10.0.40219.1
Project("{FAE04EC0-301F-11D3-BF4B-00C04F79EFBC}") = "SpiteShop_Server", "SpiteShop_Server\SpiteShop_Server.csproj", "{39F4E7D7-BA27-4134-804D-989547C93EF1}"
EndProject
Project("{FAE04EC0-301F-11D3-BF4B-00C04F79EFBC}") = "SpiteShop_Client", "SpiteShop_Client\SpiteShop_Client.csproj", "{B91351D9-A6B4-41A7-9D94-37AB1CE1D03D}"
EndProject
Project("{FAE04EC0-301F-11D3-BF4B-00C04F79EFBC}") = "SpiteShop_Models", "SpiteShop_Models\SpiteShop_Models.csproj", "{B91AA19D-4E63-4088-B6E2-7BB13380ADAF}"
EndProject
Global
	GlobalSection(SolutionConfigurationPlatforms) = preSolution
		Debug|Any CPU = Debug|Any CPU
		Release|Any CPU = Release|Any CPU
	EndGlobalSection
	GlobalSection(ProjectConfigurationPlatforms) = postSolution
		{39F4E7D7-BA27-4134-804D-989547C93EF1}.Debug|Any CPU.ActiveCfg = Debug|Any CPU
		{39F4E7D7-BA27-4134-804D-989547C93EF1}.Debug|Any CPU.Build.0 = Debug|Any CPU
		{39F4E7D7-BA27-4134-804D-989547C93EF1}.Release|Any CPU.ActiveCfg = Release|Any CPU
		{39F4E7D7-BA27-4134-804D-989547C93EF1}.Release|Any CPU.Build.0 = Release|Any CPU
		{B91351D9-A6B4-41A7-9D94-37AB1CE1D03D}.Debug|Any CPU.ActiveCfg = Debug|Any CPU
		{B91351D9-A6B4-41A7-9D94-37AB1CE1D03D}.Debug|Any CPU.Build.0 = Debug|Any CPU
		{B91351D9-A6B4-41A7-9D94-37AB1CE1D03D}.Release|Any CPU.ActiveCfg = Release|Any CPU
		{B91351D9-A6B4-41A7-9D94-37AB1CE1D03D}.Release|Any CPU.Build.0 = Release|Any CPU
		{B91AA19D-4E63-4088-B6E2-7BB13380ADAF}.Debug|Any CPU.ActiveCfg = Debug|Any CPU
		{B91AA19D-4E63-4088-B6E2-7BB13380ADAF}.Debug|Any CPU.Build.0 = Debug|Any CPU
		{B91AA19D-4E63-4088-B6E2-7BB13380ADAF}.Release|Any CPU.ActiveCfg = Release|Any CPU
		{B91AA19D-4E63-4088-B6E2-7BB13380ADAF}.Release|Any CPU.Build.0 = Release|Any CPU
	EndGlobalSection
	GlobalSection(SolutionProperties) = preSolution
		HideSolutionNode = FALSE
	EndGlobalSection
	GlobalSection(ExtensibilityGlobals) = postSolution
		SolutionGuid = {247A2B16-0EA6-4724-AD71-BBFD7ECB6A27}
	EndGlobalSection
EndGlobal
